
Microsoft Visual Studio Solution File, Format Version 12.00
# Blend for Visual Studio 14
VisualStudioVersion = 14.0.25420.1
MinimumVisualStudioVersion = 10.0.40219.1
Project("{FAE04EC0-301F-11D3-BF4B-00C04F79EFBC}") = "DEA_APP", "DEA_APP\DEA_APP.csproj", "{26C5F998-BAD0-4EA0-BE5E-33D6F264A174}"
EndProject
Global
	GlobalSection(SolutionConfigurationPlatforms) = preSolution
		Debug|Any CPU = Debug|Any CPU
		Debug|ARM = Debug|ARM
		Debug|x64 = Debug|x64
		Debug|x86 = Debug|x86
		Release|Any CPU = Release|Any CPU
		Release|ARM = Release|ARM
		Release|x64 = Release|x64
		Release|x86 = Release|x86
	EndGlobalSection
	GlobalSection(ProjectConfigurationPlatforms) = postSolution
		{26C5F998-BAD0-4EA0-BE5E-33D6F264A174}.Debug|Any CPU.ActiveCfg = Debug|Any CPU
		{26C5F998-BAD0-4EA0-BE5E-33D6F264A174}.Debug|Any CPU.Build.0 = Debug|Any CPU
		{26C5F998-BAD0-4EA0-BE5E-33D6F264A174}.Debug|ARM.ActiveCfg = Debug|Any CPU
		{26C5F998-BAD0-4EA0-BE5E-33D6F264A174}.Debug|ARM.Build.0 = Debug|Any CPU
		{26C5F998-BAD0-4EA0-BE5E-33D6F264A174}.Debug|x64.ActiveCfg = Debug|Any CPU
		{26C5F998-BAD0-4EA0-BE5E-33D6F264A174}.Debug|x64.Build.0 = Debug|Any CPU
		{26C5F998-BAD0-4EA0-BE5E-33D6F264A174}.Debug|x86.ActiveCfg = Debug|Any CPU
		{26C5F998-BAD0-4EA0-BE5E-33D6F264A174}.Debug|x86.Build.0 = Debug|Any CPU
		{26C5F998-BAD0-4EA0-BE5E-33D6F264A174}.Release|Any CPU.ActiveCfg = Release|Any CPU
		{26C5F998-BAD0-4EA0-BE5E-33D6F264A174}.Release|Any CPU.Build.0 = Release|Any CPU
		{26C5F998-BAD0-4EA0-BE5E-33D6F264A174}.Release|ARM.ActiveCfg = Release|Any CPU
		{26C5F998-BAD0-4EA0-BE5E-33D6F264A174}.Release|ARM.Build.0 = Release|Any CPU
		{26C5F998-BAD0-4EA0-BE5E-33D6F264A174}.Release|x64.ActiveCfg = Release|Any CPU
		{26C5F998-BAD0-4EA0-BE5E-33D6F264A174}.Release|x64.Build.0 = Release|Any CPU
		{26C5F998-BAD0-4EA0-BE5E-33D6F264A174}.Release|x86.ActiveCfg = Release|Any CPU
		{26C5F998-BAD0-4EA0-BE5E-33D6F264A174}.Release|x86.Build.0 = Release|Any CPU
	EndGlobalSection
	GlobalSection(SolutionProperties) = preSolution
		HideSolutionNode = FALSE
	EndGlobalSection
EndGlobal
